
Microsoft Visual Studio Solution File, Format Version 12.00
# Visual Studio Version 17
VisualStudioVersion = 17.4.33122.133
MinimumVisualStudioVersion = 10.0.40219.1
Project("{9A19103F-16F7-4668-BE54-9A1E7A4F7556}") = "Day1", "Day1\Day1.csproj", "{211B541F-635A-4A82-ABB2-F6A1A68B4565}"
EndProject
Project("{2150E333-8FDC-42A3-9474-1A3956D46DE8}") = "Solution Items", "Solution Items", "{142CFBE8-A6EB-49E2-A79A-5B394CD60819}"
	ProjectSection(SolutionItems) = preProject
		README.md = README.md
	EndProjectSection
EndProject
Project("{9A19103F-16F7-4668-BE54-9A1E7A4F7556}") = "Day3", "Day3\Day3.csproj", "{B8F32216-BD9E-4D73-B821-92B0222F7ECE}"
EndProject
Project("{9A19103F-16F7-4668-BE54-9A1E7A4F7556}") = "Common", "Common\Common.csproj", "{DF740B62-B8D2-4330-8390-7D0BD8F95D2E}"
EndProject
Project("{9A19103F-16F7-4668-BE54-9A1E7A4F7556}") = "Day4", "Day4\Day4.csproj", "{CFA0A5A7-7972-43B3-8CB9-70A644995877}"
EndProject
Project("{9A19103F-16F7-4668-BE54-9A1E7A4F7556}") = "Day5", "Day5\Day5.csproj", "{02CB18CE-0DF6-4346-B1D3-B3ED7289BF9B}"
EndProject
Project("{9A19103F-16F7-4668-BE54-9A1E7A4F7556}") = "Day6", "Day6\Day6.csproj", "{D9C2E081-A1EC-4E38-A099-49D8F1629182}"
EndProject
Project("{9A19103F-16F7-4668-BE54-9A1E7A4F7556}") = "Day7", "Day7\Day7.csproj", "{A5BA4C3D-97A6-4F1E-AE84-814D5B3660BB}"
EndProject
Project("{9A19103F-16F7-4668-BE54-9A1E7A4F7556}") = "Day8", "Day8\Day8.csproj", "{95A40938-A61A-49C9-BA80-417600667F7F}"
EndProject
Project("{9A19103F-16F7-4668-BE54-9A1E7A4F7556}") = "Day9", "Day9\Day9.csproj", "{55C3C9BF-2B7C-4354-8D1B-E63D54EDCCE4}"
EndProject
Project("{9A19103F-16F7-4668-BE54-9A1E7A4F7556}") = "Day10", "Day10\Day10.csproj", "{EF4074CD-370B-4AA6-A3FC-5664F003DFA5}"
EndProject
Project("{9A19103F-16F7-4668-BE54-9A1E7A4F7556}") = "Day11", "Day11\Day11.csproj", "{15395B3B-9065-48E3-B3C9-CD3BD7A13EEF}"
EndProject
Project("{9A19103F-16F7-4668-BE54-9A1E7A4F7556}") = "Day12", "Day12\Day12.csproj", "{A563BD21-FF93-4758-82CB-520480AF8F9F}"
EndProject
Global
	GlobalSection(SolutionConfigurationPlatforms) = preSolution
		Debug|Any CPU = Debug|Any CPU
		Release|Any CPU = Release|Any CPU
	EndGlobalSection
	GlobalSection(ProjectConfigurationPlatforms) = postSolution
		{211B541F-635A-4A82-ABB2-F6A1A68B4565}.Debug|Any CPU.ActiveCfg = Debug|Any CPU
		{211B541F-635A-4A82-ABB2-F6A1A68B4565}.Debug|Any CPU.Build.0 = Debug|Any CPU
		{211B541F-635A-4A82-ABB2-F6A1A68B4565}.Release|Any CPU.ActiveCfg = Release|Any CPU
		{211B541F-635A-4A82-ABB2-F6A1A68B4565}.Release|Any CPU.Build.0 = Release|Any CPU
		{B8F32216-BD9E-4D73-B821-92B0222F7ECE}.Debug|Any CPU.ActiveCfg = Debug|Any CPU
		{B8F32216-BD9E-4D73-B821-92B0222F7ECE}.Debug|Any CPU.Build.0 = Debug|Any CPU
		{B8F32216-BD9E-4D73-B821-92B0222F7ECE}.Release|Any CPU.ActiveCfg = Release|Any CPU
		{B8F32216-BD9E-4D73-B821-92B0222F7ECE}.Release|Any CPU.Build.0 = Release|Any CPU
		{DF740B62-B8D2-4330-8390-7D0BD8F95D2E}.Debug|Any CPU.ActiveCfg = Debug|Any CPU
		{DF740B62-B8D2-4330-8390-7D0BD8F95D2E}.Debug|Any CPU.Build.0 = Debug|Any CPU
		{DF740B62-B8D2-4330-8390-7D0BD8F95D2E}.Release|Any CPU.ActiveCfg = Release|Any CPU
		{DF740B62-B8D2-4330-8390-7D0BD8F95D2E}.Release|Any CPU.Build.0 = Release|Any CPU
		{CFA0A5A7-7972-43B3-8CB9-70A644995877}.Debug|Any CPU.ActiveCfg = Debug|Any CPU
		{CFA0A5A7-7972-43B3-8CB9-70A644995877}.Debug|Any CPU.Build.0 = Debug|Any CPU
		{CFA0A5A7-7972-43B3-8CB9-70A644995877}.Release|Any CPU.ActiveCfg = Release|Any CPU
		{CFA0A5A7-7972-43B3-8CB9-70A644995877}.Release|Any CPU.Build.0 = Release|Any CPU
		{02CB18CE-0DF6-4346-B1D3-B3ED7289BF9B}.Debug|Any CPU.ActiveCfg = Debug|Any CPU
		{02CB18CE-0DF6-4346-B1D3-B3ED7289BF9B}.Debug|Any CPU.Build.0 = Debug|Any CPU
		{02CB18CE-0DF6-4346-B1D3-B3ED7289BF9B}.Release|Any CPU.ActiveCfg = Release|Any CPU
		{02CB18CE-0DF6-4346-B1D3-B3ED7289BF9B}.Release|Any CPU.Build.0 = Release|Any CPU
		{D9C2E081-A1EC-4E38-A099-49D8F1629182}.Debug|Any CPU.ActiveCfg = Debug|Any CPU
		{D9C2E081-A1EC-4E38-A099-49D8F1629182}.Debug|Any CPU.Build.0 = Debug|Any CPU
		{D9C2E081-A1EC-4E38-A099-49D8F1629182}.Release|Any CPU.ActiveCfg = Release|Any CPU
		{D9C2E081-A1EC-4E38-A099-49D8F1629182}.Release|Any CPU.Build.0 = Release|Any CPU
		{A5BA4C3D-97A6-4F1E-AE84-814D5B3660BB}.Debug|Any CPU.ActiveCfg = Debug|Any CPU
		{A5BA4C3D-97A6-4F1E-AE84-814D5B3660BB}.Debug|Any CPU.Build.0 = Debug|Any CPU
		{A5BA4C3D-97A6-4F1E-AE84-814D5B3660BB}.Release|Any CPU.ActiveCfg = Release|Any CPU
		{A5BA4C3D-97A6-4F1E-AE84-814D5B3660BB}.Release|Any CPU.Build.0 = Release|Any CPU
		{95A40938-A61A-49C9-BA80-417600667F7F}.Debug|Any CPU.ActiveCfg = Debug|Any CPU
		{95A40938-A61A-49C9-BA80-417600667F7F}.Debug|Any CPU.Build.0 = Debug|Any CPU
		{95A40938-A61A-49C9-BA80-417600667F7F}.Release|Any CPU.ActiveCfg = Release|Any CPU
		{95A40938-A61A-49C9-BA80-417600667F7F}.Release|Any CPU.Build.0 = Release|Any CPU
		{55C3C9BF-2B7C-4354-8D1B-E63D54EDCCE4}.Debug|Any CPU.ActiveCfg = Debug|Any CPU
		{55C3C9BF-2B7C-4354-8D1B-E63D54EDCCE4}.Debug|Any CPU.Build.0 = Debug|Any CPU
		{55C3C9BF-2B7C-4354-8D1B-E63D54EDCCE4}.Release|Any CPU.ActiveCfg = Release|Any CPU
		{55C3C9BF-2B7C-4354-8D1B-E63D54EDCCE4}.Release|Any CPU.Build.0 = Release|Any CPU
		{EF4074CD-370B-4AA6-A3FC-5664F003DFA5}.Debug|Any CPU.ActiveCfg = Debug|Any CPU
		{EF4074CD-370B-4AA6-A3FC-5664F003DFA5}.Debug|Any CPU.Build.0 = Debug|Any CPU
		{EF4074CD-370B-4AA6-A3FC-5664F003DFA5}.Release|Any CPU.ActiveCfg = Release|Any CPU
		{EF4074CD-370B-4AA6-A3FC-5664F003DFA5}.Release|Any CPU.Build.0 = Release|Any CPU
		{15395B3B-9065-48E3-B3C9-CD3BD7A13EEF}.Debug|Any CPU.ActiveCfg = Debug|Any CPU
		{15395B3B-9065-48E3-B3C9-CD3BD7A13EEF}.Debug|Any CPU.Build.0 = Debug|Any CPU
		{15395B3B-9065-48E3-B3C9-CD3BD7A13EEF}.Release|Any CPU.ActiveCfg = Release|Any CPU
		{15395B3B-9065-48E3-B3C9-CD3BD7A13EEF}.Release|Any CPU.Build.0 = Release|Any CPU
		{A563BD21-FF93-4758-82CB-520480AF8F9F}.Debug|Any CPU.ActiveCfg = Debug|Any CPU
		{A563BD21-FF93-4758-82CB-520480AF8F9F}.Debug|Any CPU.Build.0 = Debug|Any CPU
		{A563BD21-FF93-4758-82CB-520480AF8F9F}.Release|Any CPU.ActiveCfg = Release|Any CPU
		{A563BD21-FF93-4758-82CB-520480AF8F9F}.Release|Any CPU.Build.0 = Release|Any CPU
	EndGlobalSection
	GlobalSection(SolutionProperties) = preSolution
		HideSolutionNode = FALSE
	EndGlobalSection
	GlobalSection(ExtensibilityGlobals) = postSolution
		SolutionGuid = {3243AF4D-76B5-4E25-9B65-42D2B67E6DA3}
	EndGlobalSection
EndGlobal
