
Microsoft Visual Studio Solution File, Format Version 12.00
# Visual Studio Version 17
VisualStudioVersion = 17.4.33122.133
MinimumVisualStudioVersion = 10.0.40219.1
Project("{9A19103F-16F7-4668-BE54-9A1E7A4F7556}") = "Day1", "Day1\Day1.csproj", "{211B541F-635A-4A82-ABB2-F6A1A68B4565}"
EndProject
Project("{2150E333-8FDC-42A3-9474-1A3956D46DE8}") = "Solution Items", "Solution Items", "{142CFBE8-A6EB-49E2-A79A-5B394CD60819}"
	ProjectSection(SolutionItems) = preProject
		README.md = README.md
	EndProjectSection
EndProject
Project("{FAE04EC0-301F-11D3-BF4B-00C04F79EFBC}") = "Day3", "Day3\Day3.csproj", "{B8F32216-BD9E-4D73-B821-92B0222F7ECE}"
EndProject
Project("{FAE04EC0-301F-11D3-BF4B-00C04F79EFBC}") = "Common", "Common\Common.csproj", "{DF740B62-B8D2-4330-8390-7D0BD8F95D2E}"
EndProject
Project("{FAE04EC0-301F-11D3-BF4B-00C04F79EFBC}") = "Day4", "Day4\Day4.csproj", "{CFA0A5A7-7972-43B3-8CB9-70A644995877}"
EndProject
Global
	GlobalSection(SolutionConfigurationPlatforms) = preSolution
		Debug|Any CPU = Debug|Any CPU
		Release|Any CPU = Release|Any CPU
	EndGlobalSection
	GlobalSection(ProjectConfigurationPlatforms) = postSolution
		{211B541F-635A-4A82-ABB2-F6A1A68B4565}.Debug|Any CPU.ActiveCfg = Debug|Any CPU
		{211B541F-635A-4A82-ABB2-F6A1A68B4565}.Debug|Any CPU.Build.0 = Debug|Any CPU
		{211B541F-635A-4A82-ABB2-F6A1A68B4565}.Release|Any CPU.ActiveCfg = Release|Any CPU
		{211B541F-635A-4A82-ABB2-F6A1A68B4565}.Release|Any CPU.Build.0 = Release|Any CPU
		{B8F32216-BD9E-4D73-B821-92B0222F7ECE}.Debug|Any CPU.ActiveCfg = Debug|Any CPU
		{B8F32216-BD9E-4D73-B821-92B0222F7ECE}.Debug|Any CPU.Build.0 = Debug|Any CPU
		{B8F32216-BD9E-4D73-B821-92B0222F7ECE}.Release|Any CPU.ActiveCfg = Release|Any CPU
		{B8F32216-BD9E-4D73-B821-92B0222F7ECE}.Release|Any CPU.Build.0 = Release|Any CPU
		{DF740B62-B8D2-4330-8390-7D0BD8F95D2E}.Debug|Any CPU.ActiveCfg = Debug|Any CPU
		{DF740B62-B8D2-4330-8390-7D0BD8F95D2E}.Debug|Any CPU.Build.0 = Debug|Any CPU
		{DF740B62-B8D2-4330-8390-7D0BD8F95D2E}.Release|Any CPU.ActiveCfg = Release|Any CPU
		{DF740B62-B8D2-4330-8390-7D0BD8F95D2E}.Release|Any CPU.Build.0 = Release|Any CPU
		{CFA0A5A7-7972-43B3-8CB9-70A644995877}.Debug|Any CPU.ActiveCfg = Debug|Any CPU
		{CFA0A5A7-7972-43B3-8CB9-70A644995877}.Debug|Any CPU.Build.0 = Debug|Any CPU
		{CFA0A5A7-7972-43B3-8CB9-70A644995877}.Release|Any CPU.ActiveCfg = Release|Any CPU
		{CFA0A5A7-7972-43B3-8CB9-70A644995877}.Release|Any CPU.Build.0 = Release|Any CPU
	EndGlobalSection
	GlobalSection(SolutionProperties) = preSolution
		HideSolutionNode = FALSE
	EndGlobalSection
	GlobalSection(ExtensibilityGlobals) = postSolution
		SolutionGuid = {3243AF4D-76B5-4E25-9B65-42D2B67E6DA3}
	EndGlobalSection
EndGlobal
